
Microsoft Visual Studio Solution File, Format Version 12.00
# Visual Studio Version 16
VisualStudioVersion = 16.0.34407.143
MinimumVisualStudioVersion = 10.0.40219.1
Project("{FAE04EC0-301F-11D3-BF4B-00C04F79EFBC}") = "MainWindows", "MainWindows\MainWindows.csproj", "{FA32A557-E1C8-4373-B4E5-67693B5D610E}"
EndProject
Global
	GlobalSection(SolutionConfigurationPlatforms) = preSolution
		Debug|Any CPU = Debug|Any CPU
		Release|Any CPU = Release|Any CPU
	EndGlobalSection
	GlobalSection(ProjectConfigurationPlatforms) = postSolution
		{FA32A557-E1C8-4373-B4E5-67693B5D610E}.Debug|Any CPU.ActiveCfg = Debug|Any CPU
		{FA32A557-E1C8-4373-B4E5-67693B5D610E}.Debug|Any CPU.Build.0 = Debug|Any CPU
		{FA32A557-E1C8-4373-B4E5-67693B5D610E}.Release|Any CPU.ActiveCfg = Release|Any CPU
		{FA32A557-E1C8-4373-B4E5-67693B5D610E}.Release|Any CPU.Build.0 = Release|Any CPU
	EndGlobalSection
	GlobalSection(SolutionProperties) = preSolution
		HideSolutionNode = FALSE
	EndGlobalSection
	GlobalSection(ExtensibilityGlobals) = postSolution
		SolutionGuid = {FB50051A-F169-4E1F-9DC9-3B1E44D06A7A}
	EndGlobalSection
EndGlobal
